
Microsoft Visual Studio Solution File, Format Version 12.00
# Visual Studio Version 16
VisualStudioVersion = 16.0.31205.134
MinimumVisualStudioVersion = 10.0.40219.1
Project("{8BC9CEB8-8B4A-11D0-8D11-00A0C91BC942}") = "Week3_ADT", "Week3_ADT.vcxproj", "{B2C85437-2975-439F-B613-60B65A9EDFFF}"
EndProject
Global
	GlobalSection(SolutionConfigurationPlatforms) = preSolution
		Debug|x64 = Debug|x64
		Debug|x86 = Debug|x86
		Release|x64 = Release|x64
		Release|x86 = Release|x86
	EndGlobalSection
	GlobalSection(ProjectConfigurationPlatforms) = postSolution
		{B2C85437-2975-439F-B613-60B65A9EDFFF}.Debug|x64.ActiveCfg = Debug|x64
		{B2C85437-2975-439F-B613-60B65A9EDFFF}.Debug|x64.Build.0 = Debug|x64
		{B2C85437-2975-439F-B613-60B65A9EDFFF}.Debug|x86.ActiveCfg = Debug|Win32
		{B2C85437-2975-439F-B613-60B65A9EDFFF}.Debug|x86.Build.0 = Debug|Win32
		{B2C85437-2975-439F-B613-60B65A9EDFFF}.Release|x64.ActiveCfg = Release|x64
		{B2C85437-2975-439F-B613-60B65A9EDFFF}.Release|x64.Build.0 = Release|x64
		{B2C85437-2975-439F-B613-60B65A9EDFFF}.Release|x86.ActiveCfg = Release|Win32
		{B2C85437-2975-439F-B613-60B65A9EDFFF}.Release|x86.Build.0 = Release|Win32
	EndGlobalSection
	GlobalSection(SolutionProperties) = preSolution
		HideSolutionNode = FALSE
	EndGlobalSection
	GlobalSection(ExtensibilityGlobals) = postSolution
		SolutionGuid = {CFDC4D1F-CAE4-420D-BC34-1D828DFA93AE}
	EndGlobalSection
EndGlobal
